// !$*UTF8*$!
{
	archiveVersion = 1;
	classes = {
	};
	objectVersion = 46;
	objects = {

/* Begin PBXBuildFile section */
		AD9BBD821E1CDFC100213BF8 /* AppDelegate.swift in Sources */ = {isa = PBXBuildFile; fileRef = AD9BBD811E1CDFC100213BF8 /* AppDelegate.swift */; };
		AD9BBD841E1CDFC100213BF8 /* ViewController.swift in Sources */ = {isa = PBXBuildFile; fileRef = AD9BBD831E1CDFC100213BF8 /* ViewController.swift */; };
		AD9BBD871E1CDFC100213BF8 /* Main.storyboard in Resources */ = {isa = PBXBuildFile; fileRef = AD9BBD851E1CDFC100213BF8 /* Main.storyboard */; };
		AD9BBD891E1CDFC100213BF8 /* Assets.xcassets in Resources */ = {isa = PBXBuildFile; fileRef = AD9BBD881E1CDFC100213BF8 /* Assets.xcassets */; };
		AD9BBD8C1E1CDFC100213BF8 /* LaunchScreen.storyboard in Resources */ = {isa = PBXBuildFile; fileRef = AD9BBD8A1E1CDFC100213BF8 /* LaunchScreen.storyboard */; };
		AD9BBDEE1E1CE2DB00213BF8 /* 1.jpg in Resources */ = {isa = PBXBuildFile; fileRef = AD9BBDDF1E1CE2DB00213BF8 /* 1.jpg */; };
		AD9BBDEF1E1CE2DB00213BF8 /* 2.png in Resources */ = {isa = PBXBuildFile; fileRef = AD9BBDE01E1CE2DB00213BF8 /* 2.png */; };
		AD9BBDF01E1CE2DB00213BF8 /* 3.png in Resources */ = {isa = PBXBuildFile; fileRef = AD9BBDE11E1CE2DB00213BF8 /* 3.png */; };
		AD9BBDF11E1CE2DB00213BF8 /* 4.png in Resources */ = {isa = PBXBuildFile; fileRef = AD9BBDE21E1CE2DB00213BF8 /* 4.png */; };
		AD9BBDF21E1CE2DB00213BF8 /* 5.png in Resources */ = {isa = PBXBuildFile; fileRef = AD9BBDE31E1CE2DB00213BF8 /* 5.png */; };
		AD9BBDF31E1CE2DB00213BF8 /* 6.jpeg in Resources */ = {isa = PBXBuildFile; fileRef = AD9BBDE41E1CE2DB00213BF8 /* 6.jpeg */; };
		AD9BBDF41E1CE2DB00213BF8 /* 7.png in Resources */ = {isa = PBXBuildFile; fileRef = AD9BBDE51E1CE2DB00213BF8 /* 7.png */; };
		AD9BBDF51E1CE2DB00213BF8 /* 8.jpg in Resources */ = {isa = PBXBuildFile; fileRef = AD9BBDE61E1CE2DB00213BF8 /* 8.jpg */; };
		AD9BBDF61E1CE2DB00213BF8 /* 9.jpeg in Resources */ = {isa = PBXBuildFile; fileRef = AD9BBDE71E1CE2DB00213BF8 /* 9.jpeg */; };
		AD9BBDF71E1CE2DB00213BF8 /* 10.jpeg in Resources */ = {isa = PBXBuildFile; fileRef = AD9BBDE81E1CE2DB00213BF8 /* 10.jpeg */; };
		AD9BBDF81E1CE2DB00213BF8 /* 11.png in Resources */ = {isa = PBXBuildFile; fileRef = AD9BBDE91E1CE2DB00213BF8 /* 11.png */; };
		AD9BBDF91E1CE2DB00213BF8 /* 12.jpg in Resources */ = {isa = PBXBuildFile; fileRef = AD9BBDEA1E1CE2DB00213BF8 /* 12.jpg */; };
		AD9BBDFA1E1CE2DB00213BF8 /* 13.png in Resources */ = {isa = PBXBuildFile; fileRef = AD9BBDEB1E1CE2DB00213BF8 /* 13.png */; };
		AD9BBDFB1E1CE2DB00213BF8 /* 14.jpg in Resources */ = {isa = PBXBuildFile; fileRef = AD9BBDEC1E1CE2DB00213BF8 /* 14.jpg */; };
		AD9BBDFC1E1CE2DB00213BF8 /* 15.png in Resources */ = {isa = PBXBuildFile; fileRef = AD9BBDED1E1CE2DB00213BF8 /* 15.png */; };
/* End PBXBuildFile section */

/* Begin PBXFileReference section */
		AD9BBD7E1E1CDFC100213BF8 /* DigitalFrame.app */ = {isa = PBXFileReference; explicitFileType = wrapper.application; includeInIndex = 0; path = DigitalFrame.app; sourceTree = BUILT_PRODUCTS_DIR; };
		AD9BBD811E1CDFC100213BF8 /* AppDelegate.swift */ = {isa = PBXFileReference; lastKnownFileType = sourcecode.swift; path = AppDelegate.swift; sourceTree = "<group>"; };
		AD9BBD831E1CDFC100213BF8 /* ViewController.swift */ = {isa = PBXFileReference; lastKnownFileType = sourcecode.swift; path = ViewController.swift; sourceTree = "<group>"; };
		AD9BBD861E1CDFC100213BF8 /* Base */ = {isa = PBXFileReference; lastKnownFileType = file.storyboard; name = Base; path = Base.lproj/Main.storyboard; sourceTree = "<group>"; };
		AD9BBD881E1CDFC100213BF8 /* Assets.xcassets */ = {isa = PBXFileReference; lastKnownFileType = folder.assetcatalog; path = Assets.xcassets; sourceTree = "<group>"; };
		AD9BBD8B1E1CDFC100213BF8 /* Base */ = {isa = PBXFileReference; lastKnownFileType = file.storyboard; name = Base; path = Base.lproj/LaunchScreen.storyboard; sourceTree = "<group>"; };
		AD9BBD8D1E1CDFC100213BF8 /* Info.plist */ = {isa = PBXFileReference; lastKnownFileType = text.plist.xml; path = Info.plist; sourceTree = "<group>"; };
		AD9BBDDF1E1CE2DB00213BF8 /* 1.jpg */ = {isa = PBXFileReference; lastKnownFileType = image.jpeg; path = 1.jpg; sourceTree = "<group>"; };
		AD9BBDE01E1CE2DB00213BF8 /* 2.png */ = {isa = PBXFileReference; lastKnownFileType = image.png; path = 2.png; sourceTree = "<group>"; };
		AD9BBDE11E1CE2DB00213BF8 /* 3.png */ = {isa = PBXFileReference; lastKnownFileType = image.png; path = 3.png; sourceTree = "<group>"; };
		AD9BBDE21E1CE2DB00213BF8 /* 4.png */ = {isa = PBXFileReference; lastKnownFileType = image.png; path = 4.png; sourceTree = "<group>"; };
		AD9BBDE31E1CE2DB00213BF8 /* 5.png */ = {isa = PBXFileReference; lastKnownFileType = image.png; path = 5.png; sourceTree = "<group>"; };
		AD9BBDE41E1CE2DB00213BF8 /* 6.jpeg */ = {isa = PBXFileReference; lastKnownFileType = image.jpeg; path = 6.jpeg; sourceTree = "<group>"; };
		AD9BBDE51E1CE2DB00213BF8 /* 7.png */ = {isa = PBXFileReference; lastKnownFileType = image.png; path = 7.png; sourceTree = "<group>"; };
		AD9BBDE61E1CE2DB00213BF8 /* 8.jpg */ = {isa = PBXFileReference; lastKnownFileType = image.jpeg; path = 8.jpg; sourceTree = "<group>"; };
		AD9BBDE71E1CE2DB00213BF8 /* 9.jpeg */ = {isa = PBXFileReference; lastKnownFileType = image.jpeg; path = 9.jpeg; sourceTree = "<group>"; };
		AD9BBDE81E1CE2DB00213BF8 /* 10.jpeg */ = {isa = PBXFileReference; lastKnownFileType = image.jpeg; path = 10.jpeg; sourceTree = "<group>"; };
		AD9BBDE91E1CE2DB00213BF8 /* 11.png */ = {isa = PBXFileReference; lastKnownFileType = image.png; path = 11.png; sourceTree = "<group>"; };
		AD9BBDEA1E1CE2DB00213BF8 /* 12.jpg */ = {isa = PBXFileReference; lastKnownFileType = image.jpeg; path = 12.jpg; sourceTree = "<group>"; };
		AD9BBDEB1E1CE2DB00213BF8 /* 13.png */ = {isa = PBXFileReference; lastKnownFileType = image.png; path = 13.png; sourceTree = "<group>"; };
		AD9BBDEC1E1CE2DB00213BF8 /* 14.jpg */ = {isa = PBXFileReference; lastKnownFileType = image.jpeg; path = 14.jpg; sourceTree = "<group>"; };
		AD9BBDED1E1CE2DB00213BF8 /* 15.png */ = {isa = PBXFileReference; lastKnownFileType = image.png; path = 15.png; sourceTree = "<group>"; };
/* End PBXFileReference section */

/* Begin PBXFrameworksBuildPhase section */
		AD9BBD7B1E1CDFC100213BF8 /* Frameworks */ = {
			isa = PBXFrameworksBuildPhase;
			buildActionMask = 2147483647;
			files = (
			);
			runOnlyForDeploymentPostprocessing = 0;
		};
/* End PBXFrameworksBuildPhase section */

/* Begin PBXGroup section */
		AD9BBD751E1CDFC100213BF8 = {
			isa = PBXGroup;
			children = (
				AD9BBD801E1CDFC100213BF8 /* DigitalFrame */,
				AD9BBD7F1E1CDFC100213BF8 /* Products */,
			);
			sourceTree = "<group>";
		};
		AD9BBD7F1E1CDFC100213BF8 /* Products */ = {
			isa = PBXGroup;
			children = (
				AD9BBD7E1E1CDFC100213BF8 /* DigitalFrame.app */,
			);
			name = Products;
			sourceTree = "<group>";
		};
		AD9BBD801E1CDFC100213BF8 /* DigitalFrame */ = {
			isa = PBXGroup;
			children = (
				AD9BBD931E1CDFF200213BF8 /* Resource */,
				AD9BBD811E1CDFC100213BF8 /* AppDelegate.swift */,
				AD9BBD831E1CDFC100213BF8 /* ViewController.swift */,
				AD9BBD851E1CDFC100213BF8 /* Main.storyboard */,
				AD9BBD881E1CDFC100213BF8 /* Assets.xcassets */,
				AD9BBD8A1E1CDFC100213BF8 /* LaunchScreen.storyboard */,
				AD9BBD8D1E1CDFC100213BF8 /* Info.plist */,
			);
			path = DigitalFrame;
			sourceTree = "<group>";
		};
		AD9BBD931E1CDFF200213BF8 /* Resource */ = {
			isa = PBXGroup;
			children = (
				AD9BBDDF1E1CE2DB00213BF8 /* 1.jpg */,
				AD9BBDE01E1CE2DB00213BF8 /* 2.png */,
				AD9BBDE11E1CE2DB00213BF8 /* 3.png */,
				AD9BBDE21E1CE2DB00213BF8 /* 4.png */,
				AD9BBDE31E1CE2DB00213BF8 /* 5.png */,
				AD9BBDE41E1CE2DB00213BF8 /* 6.jpeg */,
				AD9BBDE51E1CE2DB00213BF8 /* 7.png */,
				AD9BBDE61E1CE2DB00213BF8 /* 8.jpg */,
				AD9BBDE71E1CE2DB00213BF8 /* 9.jpeg */,
				AD9BBDE81E1CE2DB00213BF8 /* 10.jpeg */,
				AD9BBDE91E1CE2DB00213BF8 /* 11.png */,
				AD9BBDEA1E1CE2DB00213BF8 /* 12.jpg */,
				AD9BBDEB1E1CE2DB00213BF8 /* 13.png */,
				AD9BBDEC1E1CE2DB00213BF8 /* 14.jpg */,
				AD9BBDED1E1CE2DB00213BF8 /* 15.png */,
			);
			name = Resource;
			sourceTree = "<group>";
		};
/* End PBXGroup section */

/* Begin PBXNativeTarget section */
		AD9BBD7D1E1CDFC100213BF8 /* DigitalFrame */ = {
			isa = PBXNativeTarget;
			buildConfigurationList = AD9BBD901E1CDFC100213BF8 /* Build configuration list for PBXNativeTarget "DigitalFrame" */;
			buildPhases = (
				AD9BBD7A1E1CDFC100213BF8 /* Sources */,
				AD9BBD7B1E1CDFC100213BF8 /* Frameworks */,
				AD9BBD7C1E1CDFC100213BF8 /* Resources */,
			);
			buildRules = (
			);
			dependencies = (
			);
			name = DigitalFrame;
			productName = DigitalFrame;
			productReference = AD9BBD7E1E1CDFC100213BF8 /* DigitalFrame.app */;
			productType = "com.apple.product-type.application";
		};
/* End PBXNativeTarget section */

/* Begin PBXProject section */
		AD9BBD761E1CDFC100213BF8 /* Project object */ = {
			isa = PBXProject;
			attributes = {
				LastSwiftUpdateCheck = 0800;
				LastUpgradeCheck = 0800;
				ORGANIZATIONNAME = "윤찬미";
				TargetAttributes = {
					AD9BBD7D1E1CDFC100213BF8 = {
						CreatedOnToolsVersion = 8.0;
						ProvisioningStyle = Automatic;
					};
				};
			};
			buildConfigurationList = AD9BBD791E1CDFC100213BF8 /* Build configuration list for PBXProject "DigitalFrame" */;
			compatibilityVersion = "Xcode 3.2";
			developmentRegion = English;
			hasScannedForEncodings = 0;
			knownRegions = (
				en,
				Base,
			);
			mainGroup = AD9BBD751E1CDFC100213BF8;
			productRefGroup = AD9BBD7F1E1CDFC100213BF8 /* Products */;
			projectDirPath = "";
			projectRoot = "";
			targets = (
				AD9BBD7D1E1CDFC100213BF8 /* DigitalFrame */,
			);
		};
/* End PBXProject section */

/* Begin PBXResourcesBuildPhase section */
		AD9BBD7C1E1CDFC100213BF8 /* Resources */ = {
			isa = PBXResourcesBuildPhase;
			buildActionMask = 2147483647;
			files = (
				AD9BBDEF1E1CE2DB00213BF8 /* 2.png in Resources */,
				AD9BBDFB1E1CE2DB00213BF8 /* 14.jpg in Resources */,
				AD9BBDF31E1CE2DB00213BF8 /* 6.jpeg in Resources */,
				AD9BBD8C1E1CDFC100213BF8 /* LaunchScreen.storyboard in Resources */,
				AD9BBDF11E1CE2DB00213BF8 /* 4.png in Resources */,
				AD9BBDF41E1CE2DB00213BF8 /* 7.png in Resources */,
				AD9BBDF21E1CE2DB00213BF8 /* 5.png in Resources */,
				AD9BBDF01E1CE2DB00213BF8 /* 3.png in Resources */,
				AD9BBDF81E1CE2DB00213BF8 /* 11.png in Resources */,
				AD9BBDF61E1CE2DB00213BF8 /* 9.jpeg in Resources */,
				AD9BBDF91E1CE2DB00213BF8 /* 12.jpg in Resources */,
				AD9BBDFA1E1CE2DB00213BF8 /* 13.png in Resources */,
				AD9BBDF71E1CE2DB00213BF8 /* 10.jpeg in Resources */,
				AD9BBDEE1E1CE2DB00213BF8 /* 1.jpg in Resources */,
				AD9BBD891E1CDFC100213BF8 /* Assets.xcassets in Resources */,
				AD9BBDFC1E1CE2DB00213BF8 /* 15.png in Resources */,
				AD9BBDF51E1CE2DB00213BF8 /* 8.jpg in Resources */,
				AD9BBD871E1CDFC100213BF8 /* Main.storyboard in Resources */,
			);
			runOnlyForDeploymentPostprocessing = 0;
		};
/* End PBXResourcesBuildPhase section */

/* Begin PBXSourcesBuildPhase section */
		AD9BBD7A1E1CDFC100213BF8 /* Sources */ = {
			isa = PBXSourcesBuildPhase;
			buildActionMask = 2147483647;
			files = (
				AD9BBD841E1CDFC100213BF8 /* ViewController.swift in Sources */,
				AD9BBD821E1CDFC100213BF8 /* AppDelegate.swift in Sources */,
			);
			runOnlyForDeploymentPostprocessing = 0;
		};
/* End PBXSourcesBuildPhase section */

/* Begin PBXVariantGroup section */
		AD9BBD851E1CDFC100213BF8 /* Main.storyboard */ = {
			isa = PBXVariantGroup;
			children = (
				AD9BBD861E1CDFC100213BF8 /* Base */,
			);
			name = Main.storyboard;
			sourceTree = "<group>";
		};
		AD9BBD8A1E1CDFC100213BF8 /* LaunchScreen.storyboard */ = {
			isa = PBXVariantGroup;
			children = (
				AD9BBD8B1E1CDFC100213BF8 /* Base */,
			);
			name = LaunchScreen.storyboard;
			sourceTree = "<group>";
		};
/* End PBXVariantGroup section */

/* Begin XCBuildConfiguration section */
		AD9BBD8E1E1CDFC100213BF8 /* Debug */ = {
			isa = XCBuildConfiguration;
			buildSettings = {
				ALWAYS_SEARCH_USER_PATHS = NO;
				CLANG_ANALYZER_NONNULL = YES;
				CLANG_CXX_LANGUAGE_STANDARD = "gnu++0x";
				CLANG_CXX_LIBRARY = "libc++";
				CLANG_ENABLE_MODULES = YES;
				CLANG_ENABLE_OBJC_ARC = YES;
				CLANG_WARN_BOOL_CONVERSION = YES;
				CLANG_WARN_CONSTANT_CONVERSION = YES;
				CLANG_WARN_DIRECT_OBJC_ISA_USAGE = YES_ERROR;
				CLANG_WARN_DOCUMENTATION_COMMENTS = YES;
				CLANG_WARN_EMPTY_BODY = YES;
				CLANG_WARN_ENUM_CONVERSION = YES;
				CLANG_WARN_INFINITE_RECURSION = YES;
				CLANG_WARN_INT_CONVERSION = YES;
				CLANG_WARN_OBJC_ROOT_CLASS = YES_ERROR;
				CLANG_WARN_SUSPICIOUS_MOVES = YES;
				CLANG_WARN_UNREACHABLE_CODE = YES;
				CLANG_WARN__DUPLICATE_METHOD_MATCH = YES;
				"CODE_SIGN_IDENTITY[sdk=iphoneos*]" = "iPhone Developer";
				COPY_PHASE_STRIP = NO;
				DEBUG_INFORMATION_FORMAT = dwarf;
				ENABLE_STRICT_OBJC_MSGSEND = YES;
				ENABLE_TESTABILITY = YES;
				GCC_C_LANGUAGE_STANDARD = gnu99;
				GCC_DYNAMIC_NO_PIC = NO;
				GCC_NO_COMMON_BLOCKS = YES;
				GCC_OPTIMIZATION_LEVEL = 0;
				GCC_PREPROCESSOR_DEFINITIONS = (
					"DEBUG=1",
					"$(inherited)",
				);
				GCC_WARN_64_TO_32_BIT_CONVERSION = YES;
				GCC_WARN_ABOUT_RETURN_TYPE = YES_ERROR;
				GCC_WARN_UNDECLARED_SELECTOR = YES;
				GCC_WARN_UNINITIALIZED_AUTOS = YES_AGGRESSIVE;
				GCC_WARN_UNUSED_FUNCTION = YES;
				GCC_WARN_UNUSED_VARIABLE = YES;
				IPHONEOS_DEPLOYMENT_TARGET = 10.0;
				MTL_ENABLE_DEBUG_INFO = YES;
				ONLY_ACTIVE_ARCH = YES;
				SDKROOT = iphoneos;
				SWIFT_ACTIVE_COMPILATION_CONDITIONS = DEBUG;
				SWIFT_OPTIMIZATION_LEVEL = "-Onone";
			};
			name = Debug;
		};
		AD9BBD8F1E1CDFC100213BF8 /* Release */ = {
			isa = XCBuildConfiguration;
			buildSettings = {
				ALWAYS_SEARCH_USER_PATHS = NO;
				CLANG_ANALYZER_NONNULL = YES;
				CLANG_CXX_LANGUAGE_STANDARD = "gnu++0x";
				CLANG_CXX_LIBRARY = "libc++";
				CLANG_ENABLE_MODULES = YES;
				CLANG_ENABLE_OBJC_ARC = YES;
				CLANG_WARN_BOOL_CONVERSION = YES;
				CLANG_WARN_CONSTANT_CONVERSION = YES;
				CLANG_WARN_DIRECT_OBJC_ISA_USAGE = YES_ERROR;
				CLANG_WARN_DOCUMENTATION_COMMENTS = YES;
				CLANG_WARN_EMPTY_BODY = YES;
				CLANG_WARN_ENUM_CONVERSION = YES;
				CLANG_WARN_INFINITE_RECURSION = YES;
				CLANG_WARN_INT_CONVERSION = YES;
				CLANG_WARN_OBJC_ROOT_CLASS = YES_ERROR;
				CLANG_WARN_SUSPICIOUS_MOVES = YES;
				CLANG_WARN_UNREACHABLE_CODE = YES;
				CLANG_WARN__DUPLICATE_METHOD_MATCH = YES;
				"CODE_SIGN_IDENTITY[sdk=iphoneos*]" = "iPhone Developer";
				COPY_PHASE_STRIP = NO;
				DEBUG_INFORMATION_FORMAT = "dwarf-with-dsym";
				ENABLE_NS_ASSERTIONS = NO;
				ENABLE_STRICT_OBJC_MSGSEND = YES;
				GCC_C_LANGUAGE_STANDARD = gnu99;
				GCC_NO_COMMON_BLOCKS = YES;
				GCC_WARN_64_TO_32_BIT_CONVERSION = YES;
				GCC_WARN_ABOUT_RETURN_TYPE = YES_ERROR;
				GCC_WARN_UNDECLARED_SELECTOR = YES;
				GCC_WARN_UNINITIALIZED_AUTOS = YES_AGGRESSIVE;
				GCC_WARN_UNUSED_FUNCTION = YES;
				GCC_WARN_UNUSED_VARIABLE = YES;
				IPHONEOS_DEPLOYMENT_TARGET = 10.0;
				MTL_ENABLE_DEBUG_INFO = NO;
				SDKROOT = iphoneos;
				SWIFT_OPTIMIZATION_LEVEL = "-Owholemodule";
				VALIDATE_PRODUCT = YES;
			};
			name = Release;
		};
		AD9BBD911E1CDFC100213BF8 /* Debug */ = {
			isa = XCBuildConfiguration;
			buildSettings = {
				ASSETCATALOG_COMPILER_APPICON_NAME = AppIcon;
				INFOPLIST_FILE = DigitalFrame/Info.plist;
				LD_RUNPATH_SEARCH_PATHS = "$(inherited) @executable_path/Frameworks";
				PRODUCT_BUNDLE_IDENTIFIER = com.chanmee.DigitalFrame;
				PRODUCT_NAME = "$(TARGET_NAME)";
				SWIFT_VERSION = 3.0;
			};
			name = Debug;
		};
		AD9BBD921E1CDFC100213BF8 /* Release */ = {
			isa = XCBuildConfiguration;
			buildSettings = {
				ASSETCATALOG_COMPILER_APPICON_NAME = AppIcon;
				INFOPLIST_FILE = DigitalFrame/Info.plist;
				LD_RUNPATH_SEARCH_PATHS = "$(inherited) @executable_path/Frameworks";
				PRODUCT_BUNDLE_IDENTIFIER = com.chanmee.DigitalFrame;
				PRODUCT_NAME = "$(TARGET_NAME)";
				SWIFT_VERSION = 3.0;
			};
			name = Release;
		};
/* End XCBuildConfiguration section */

/* Begin XCConfigurationList section */
		AD9BBD791E1CDFC100213BF8 /* Build configuration list for PBXProject "DigitalFrame" */ = {
			isa = XCConfigurationList;
			buildConfigurations = (
				AD9BBD8E1E1CDFC100213BF8 /* Debug */,
				AD9BBD8F1E1CDFC100213BF8 /* Release */,
			);
			defaultConfigurationIsVisible = 0;
			defaultConfigurationName = Release;
		};
		AD9BBD901E1CDFC100213BF8 /* Build configuration list for PBXNativeTarget "DigitalFrame" */ = {
			isa = XCConfigurationList;
			buildConfigurations = (
				AD9BBD911E1CDFC100213BF8 /* Debug */,
				AD9BBD921E1CDFC100213BF8 /* Release */,
			);
			defaultConfigurationIsVisible = 0;
		};
/* End XCConfigurationList section */
	};
	rootObject = AD9BBD761E1CDFC100213BF8 /* Project object */;
}
