// !$*UTF8*$!
{
	archiveVersion = 1;
	classes = {
	};
	objectVersion = 46;
	objects = {

/* Begin PBXBuildFile section */
		AD8C17C21E2C92EA0045D454 /* AppDelegate.swift in Sources */ = {isa = PBXBuildFile; fileRef = AD8C17C11E2C92EA0045D454 /* AppDelegate.swift */; };
		AD8C17C71E2C92EA0045D454 /* Main.storyboard in Resources */ = {isa = PBXBuildFile; fileRef = AD8C17C51E2C92EA0045D454 /* Main.storyboard */; };
		AD8C17C91E2C92EA0045D454 /* Assets.xcassets in Resources */ = {isa = PBXBuildFile; fileRef = AD8C17C81E2C92EA0045D454 /* Assets.xcassets */; };
		AD8C17CC1E2C92EA0045D454 /* LaunchScreen.storyboard in Resources */ = {isa = PBXBuildFile; fileRef = AD8C17CA1E2C92EA0045D454 /* LaunchScreen.storyboard */; };
		AD8C17D41E2C934D0045D454 /* MasterViewController.swift in Sources */ = {isa = PBXBuildFile; fileRef = AD8C17D31E2C934D0045D454 /* MasterViewController.swift */; };
		AD8C17E41E2C945A0045D454 /* apple.jpeg in Resources */ = {isa = PBXBuildFile; fileRef = AD8C17D61E2C945A0045D454 /* apple.jpeg */; };
		AD8C17E51E2C945A0045D454 /* background.jpg in Resources */ = {isa = PBXBuildFile; fileRef = AD8C17D71E2C945A0045D454 /* background.jpg */; };
		AD8C17E61E2C945A0045D454 /* blueberry.jpg in Resources */ = {isa = PBXBuildFile; fileRef = AD8C17D81E2C945A0045D454 /* blueberry.jpg */; };
		AD8C17E71E2C945A0045D454 /* carrot.jpg in Resources */ = {isa = PBXBuildFile; fileRef = AD8C17D91E2C945A0045D454 /* carrot.jpg */; };
		AD8C17E81E2C945A0045D454 /* cherry.png in Resources */ = {isa = PBXBuildFile; fileRef = AD8C17DA1E2C945A0045D454 /* cherry.png */; };
		AD8C17E91E2C945A0045D454 /* grape.jpg in Resources */ = {isa = PBXBuildFile; fileRef = AD8C17DB1E2C945A0045D454 /* grape.jpg */; };
		AD8C17EA1E2C945A0045D454 /* kiwi.png in Resources */ = {isa = PBXBuildFile; fileRef = AD8C17DC1E2C945A0045D454 /* kiwi.png */; };
		AD8C17EB1E2C945A0045D454 /* lemon.png in Resources */ = {isa = PBXBuildFile; fileRef = AD8C17DD1E2C945A0045D454 /* lemon.png */; };
		AD8C17EC1E2C945A0045D454 /* lime.jpg in Resources */ = {isa = PBXBuildFile; fileRef = AD8C17DE1E2C945A0045D454 /* lime.jpg */; };
		AD8C17ED1E2C945A0045D454 /* meat.jpg in Resources */ = {isa = PBXBuildFile; fileRef = AD8C17DF1E2C945A0045D454 /* meat.jpg */; };
		AD8C17EE1E2C945A0045D454 /* strawberry.jpg in Resources */ = {isa = PBXBuildFile; fileRef = AD8C17E01E2C945A0045D454 /* strawberry.jpg */; };
		AD8C17EF1E2C945A0045D454 /* tomato.png in Resources */ = {isa = PBXBuildFile; fileRef = AD8C17E11E2C945A0045D454 /* tomato.png */; };
		AD8C17F01E2C945A0045D454 /* vegetable.jpg in Resources */ = {isa = PBXBuildFile; fileRef = AD8C17E21E2C945A0045D454 /* vegetable.jpg */; };
		AD8C17F11E2C945A0045D454 /* watermelon.png in Resources */ = {isa = PBXBuildFile; fileRef = AD8C17E31E2C945A0045D454 /* watermelon.png */; };
		AD8C17F31E2C95430045D454 /* CustomCell.swift in Sources */ = {isa = PBXBuildFile; fileRef = AD8C17F21E2C95430045D454 /* CustomCell.swift */; };
		AD8C17F51E2C9A010045D454 /* DetailViewController.swift in Sources */ = {isa = PBXBuildFile; fileRef = AD8C17F41E2C9A010045D454 /* DetailViewController.swift */; };
/* End PBXBuildFile section */

/* Begin PBXFileReference section */
		AD8C17BE1E2C92EA0045D454 /* CustomCell.app */ = {isa = PBXFileReference; explicitFileType = wrapper.application; includeInIndex = 0; path = CustomCell.app; sourceTree = BUILT_PRODUCTS_DIR; };
		AD8C17C11E2C92EA0045D454 /* AppDelegate.swift */ = {isa = PBXFileReference; lastKnownFileType = sourcecode.swift; path = AppDelegate.swift; sourceTree = "<group>"; };
		AD8C17C61E2C92EA0045D454 /* Base */ = {isa = PBXFileReference; lastKnownFileType = file.storyboard; name = Base; path = Base.lproj/Main.storyboard; sourceTree = "<group>"; };
		AD8C17C81E2C92EA0045D454 /* Assets.xcassets */ = {isa = PBXFileReference; lastKnownFileType = folder.assetcatalog; path = Assets.xcassets; sourceTree = "<group>"; };
		AD8C17CB1E2C92EA0045D454 /* Base */ = {isa = PBXFileReference; lastKnownFileType = file.storyboard; name = Base; path = Base.lproj/LaunchScreen.storyboard; sourceTree = "<group>"; };
		AD8C17CD1E2C92EA0045D454 /* Info.plist */ = {isa = PBXFileReference; lastKnownFileType = text.plist.xml; path = Info.plist; sourceTree = "<group>"; };
		AD8C17D31E2C934D0045D454 /* MasterViewController.swift */ = {isa = PBXFileReference; fileEncoding = 4; lastKnownFileType = sourcecode.swift; path = MasterViewController.swift; sourceTree = "<group>"; };
		AD8C17D61E2C945A0045D454 /* apple.jpeg */ = {isa = PBXFileReference; lastKnownFileType = image.jpeg; path = apple.jpeg; sourceTree = "<group>"; };
		AD8C17D71E2C945A0045D454 /* background.jpg */ = {isa = PBXFileReference; lastKnownFileType = image.jpeg; path = background.jpg; sourceTree = "<group>"; };
		AD8C17D81E2C945A0045D454 /* blueberry.jpg */ = {isa = PBXFileReference; lastKnownFileType = image.jpeg; path = blueberry.jpg; sourceTree = "<group>"; };
		AD8C17D91E2C945A0045D454 /* carrot.jpg */ = {isa = PBXFileReference; lastKnownFileType = image.jpeg; path = carrot.jpg; sourceTree = "<group>"; };
		AD8C17DA1E2C945A0045D454 /* cherry.png */ = {isa = PBXFileReference; lastKnownFileType = image.png; path = cherry.png; sourceTree = "<group>"; };
		AD8C17DB1E2C945A0045D454 /* grape.jpg */ = {isa = PBXFileReference; lastKnownFileType = image.jpeg; path = grape.jpg; sourceTree = "<group>"; };
		AD8C17DC1E2C945A0045D454 /* kiwi.png */ = {isa = PBXFileReference; lastKnownFileType = image.png; path = kiwi.png; sourceTree = "<group>"; };
		AD8C17DD1E2C945A0045D454 /* lemon.png */ = {isa = PBXFileReference; lastKnownFileType = image.png; path = lemon.png; sourceTree = "<group>"; };
		AD8C17DE1E2C945A0045D454 /* lime.jpg */ = {isa = PBXFileReference; lastKnownFileType = image.jpeg; path = lime.jpg; sourceTree = "<group>"; };
		AD8C17DF1E2C945A0045D454 /* meat.jpg */ = {isa = PBXFileReference; lastKnownFileType = image.jpeg; path = meat.jpg; sourceTree = "<group>"; };
		AD8C17E01E2C945A0045D454 /* strawberry.jpg */ = {isa = PBXFileReference; lastKnownFileType = image.jpeg; path = strawberry.jpg; sourceTree = "<group>"; };
		AD8C17E11E2C945A0045D454 /* tomato.png */ = {isa = PBXFileReference; lastKnownFileType = image.png; path = tomato.png; sourceTree = "<group>"; };
		AD8C17E21E2C945A0045D454 /* vegetable.jpg */ = {isa = PBXFileReference; lastKnownFileType = image.jpeg; path = vegetable.jpg; sourceTree = "<group>"; };
		AD8C17E31E2C945A0045D454 /* watermelon.png */ = {isa = PBXFileReference; lastKnownFileType = image.png; path = watermelon.png; sourceTree = "<group>"; };
		AD8C17F21E2C95430045D454 /* CustomCell.swift */ = {isa = PBXFileReference; fileEncoding = 4; lastKnownFileType = sourcecode.swift; path = CustomCell.swift; sourceTree = "<group>"; };
		AD8C17F41E2C9A010045D454 /* DetailViewController.swift */ = {isa = PBXFileReference; fileEncoding = 4; lastKnownFileType = sourcecode.swift; path = DetailViewController.swift; sourceTree = "<group>"; };
/* End PBXFileReference section */

/* Begin PBXFrameworksBuildPhase section */
		AD8C17BB1E2C92E90045D454 /* Frameworks */ = {
			isa = PBXFrameworksBuildPhase;
			buildActionMask = 2147483647;
			files = (
			);
			runOnlyForDeploymentPostprocessing = 0;
		};
/* End PBXFrameworksBuildPhase section */

/* Begin PBXGroup section */
		AD8C17B51E2C92E90045D454 = {
			isa = PBXGroup;
			children = (
				AD8C17C01E2C92EA0045D454 /* CustomCell */,
				AD8C17BF1E2C92EA0045D454 /* Products */,
			);
			sourceTree = "<group>";
		};
		AD8C17BF1E2C92EA0045D454 /* Products */ = {
			isa = PBXGroup;
			children = (
				AD8C17BE1E2C92EA0045D454 /* CustomCell.app */,
			);
			name = Products;
			sourceTree = "<group>";
		};
		AD8C17C01E2C92EA0045D454 /* CustomCell */ = {
			isa = PBXGroup;
			children = (
				AD8C17D51E2C942B0045D454 /* Resource */,
				AD8C17C11E2C92EA0045D454 /* AppDelegate.swift */,
				AD8C17D31E2C934D0045D454 /* MasterViewController.swift */,
				AD8C17F41E2C9A010045D454 /* DetailViewController.swift */,
				AD8C17F21E2C95430045D454 /* CustomCell.swift */,
				AD8C17C51E2C92EA0045D454 /* Main.storyboard */,
				AD8C17C81E2C92EA0045D454 /* Assets.xcassets */,
				AD8C17CA1E2C92EA0045D454 /* LaunchScreen.storyboard */,
				AD8C17CD1E2C92EA0045D454 /* Info.plist */,
			);
			path = CustomCell;
			sourceTree = "<group>";
		};
		AD8C17D51E2C942B0045D454 /* Resource */ = {
			isa = PBXGroup;
			children = (
				AD8C17D61E2C945A0045D454 /* apple.jpeg */,
				AD8C17D71E2C945A0045D454 /* background.jpg */,
				AD8C17D81E2C945A0045D454 /* blueberry.jpg */,
				AD8C17D91E2C945A0045D454 /* carrot.jpg */,
				AD8C17DA1E2C945A0045D454 /* cherry.png */,
				AD8C17DB1E2C945A0045D454 /* grape.jpg */,
				AD8C17DC1E2C945A0045D454 /* kiwi.png */,
				AD8C17DD1E2C945A0045D454 /* lemon.png */,
				AD8C17DE1E2C945A0045D454 /* lime.jpg */,
				AD8C17DF1E2C945A0045D454 /* meat.jpg */,
				AD8C17E01E2C945A0045D454 /* strawberry.jpg */,
				AD8C17E11E2C945A0045D454 /* tomato.png */,
				AD8C17E21E2C945A0045D454 /* vegetable.jpg */,
				AD8C17E31E2C945A0045D454 /* watermelon.png */,
			);
			name = Resource;
			sourceTree = "<group>";
		};
/* End PBXGroup section */

/* Begin PBXNativeTarget section */
		AD8C17BD1E2C92E90045D454 /* CustomCell */ = {
			isa = PBXNativeTarget;
			buildConfigurationList = AD8C17D01E2C92EA0045D454 /* Build configuration list for PBXNativeTarget "CustomCell" */;
			buildPhases = (
				AD8C17BA1E2C92E90045D454 /* Sources */,
				AD8C17BB1E2C92E90045D454 /* Frameworks */,
				AD8C17BC1E2C92E90045D454 /* Resources */,
			);
			buildRules = (
			);
			dependencies = (
			);
			name = CustomCell;
			productName = CustomCell;
			productReference = AD8C17BE1E2C92EA0045D454 /* CustomCell.app */;
			productType = "com.apple.product-type.application";
		};
/* End PBXNativeTarget section */

/* Begin PBXProject section */
		AD8C17B61E2C92E90045D454 /* Project object */ = {
			isa = PBXProject;
			attributes = {
				LastSwiftUpdateCheck = 0800;
				LastUpgradeCheck = 0800;
				ORGANIZATIONNAME = "윤찬미";
				TargetAttributes = {
					AD8C17BD1E2C92E90045D454 = {
						CreatedOnToolsVersion = 8.0;
						ProvisioningStyle = Automatic;
					};
				};
			};
			buildConfigurationList = AD8C17B91E2C92E90045D454 /* Build configuration list for PBXProject "CustomCell" */;
			compatibilityVersion = "Xcode 3.2";
			developmentRegion = English;
			hasScannedForEncodings = 0;
			knownRegions = (
				en,
				Base,
			);
			mainGroup = AD8C17B51E2C92E90045D454;
			productRefGroup = AD8C17BF1E2C92EA0045D454 /* Products */;
			projectDirPath = "";
			projectRoot = "";
			targets = (
				AD8C17BD1E2C92E90045D454 /* CustomCell */,
			);
		};
/* End PBXProject section */

/* Begin PBXResourcesBuildPhase section */
		AD8C17BC1E2C92E90045D454 /* Resources */ = {
			isa = PBXResourcesBuildPhase;
			buildActionMask = 2147483647;
			files = (
				AD8C17EF1E2C945A0045D454 /* tomato.png in Resources */,
				AD8C17E71E2C945A0045D454 /* carrot.jpg in Resources */,
				AD8C17EA1E2C945A0045D454 /* kiwi.png in Resources */,
				AD8C17EE1E2C945A0045D454 /* strawberry.jpg in Resources */,
				AD8C17E41E2C945A0045D454 /* apple.jpeg in Resources */,
				AD8C17E81E2C945A0045D454 /* cherry.png in Resources */,
				AD8C17E91E2C945A0045D454 /* grape.jpg in Resources */,
				AD8C17E51E2C945A0045D454 /* background.jpg in Resources */,
				AD8C17CC1E2C92EA0045D454 /* LaunchScreen.storyboard in Resources */,
				AD8C17C91E2C92EA0045D454 /* Assets.xcassets in Resources */,
				AD8C17F11E2C945A0045D454 /* watermelon.png in Resources */,
				AD8C17E61E2C945A0045D454 /* blueberry.jpg in Resources */,
				AD8C17F01E2C945A0045D454 /* vegetable.jpg in Resources */,
				AD8C17ED1E2C945A0045D454 /* meat.jpg in Resources */,
				AD8C17C71E2C92EA0045D454 /* Main.storyboard in Resources */,
				AD8C17EC1E2C945A0045D454 /* lime.jpg in Resources */,
				AD8C17EB1E2C945A0045D454 /* lemon.png in Resources */,
			);
			runOnlyForDeploymentPostprocessing = 0;
		};
/* End PBXResourcesBuildPhase section */

/* Begin PBXSourcesBuildPhase section */
		AD8C17BA1E2C92E90045D454 /* Sources */ = {
			isa = PBXSourcesBuildPhase;
			buildActionMask = 2147483647;
			files = (
				AD8C17D41E2C934D0045D454 /* MasterViewController.swift in Sources */,
				AD8C17F31E2C95430045D454 /* CustomCell.swift in Sources */,
				AD8C17C21E2C92EA0045D454 /* AppDelegate.swift in Sources */,
				AD8C17F51E2C9A010045D454 /* DetailViewController.swift in Sources */,
			);
			runOnlyForDeploymentPostprocessing = 0;
		};
/* End PBXSourcesBuildPhase section */

/* Begin PBXVariantGroup section */
		AD8C17C51E2C92EA0045D454 /* Main.storyboard */ = {
			isa = PBXVariantGroup;
			children = (
				AD8C17C61E2C92EA0045D454 /* Base */,
			);
			name = Main.storyboard;
			sourceTree = "<group>";
		};
		AD8C17CA1E2C92EA0045D454 /* LaunchScreen.storyboard */ = {
			isa = PBXVariantGroup;
			children = (
				AD8C17CB1E2C92EA0045D454 /* Base */,
			);
			name = LaunchScreen.storyboard;
			sourceTree = "<group>";
		};
/* End PBXVariantGroup section */

/* Begin XCBuildConfiguration section */
		AD8C17CE1E2C92EA0045D454 /* Debug */ = {
			isa = XCBuildConfiguration;
			buildSettings = {
				ALWAYS_SEARCH_USER_PATHS = NO;
				CLANG_ANALYZER_NONNULL = YES;
				CLANG_CXX_LANGUAGE_STANDARD = "gnu++0x";
				CLANG_CXX_LIBRARY = "libc++";
				CLANG_ENABLE_MODULES = YES;
				CLANG_ENABLE_OBJC_ARC = YES;
				CLANG_WARN_BOOL_CONVERSION = YES;
				CLANG_WARN_CONSTANT_CONVERSION = YES;
				CLANG_WARN_DIRECT_OBJC_ISA_USAGE = YES_ERROR;
				CLANG_WARN_DOCUMENTATION_COMMENTS = YES;
				CLANG_WARN_EMPTY_BODY = YES;
				CLANG_WARN_ENUM_CONVERSION = YES;
				CLANG_WARN_INFINITE_RECURSION = YES;
				CLANG_WARN_INT_CONVERSION = YES;
				CLANG_WARN_OBJC_ROOT_CLASS = YES_ERROR;
				CLANG_WARN_SUSPICIOUS_MOVES = YES;
				CLANG_WARN_UNREACHABLE_CODE = YES;
				CLANG_WARN__DUPLICATE_METHOD_MATCH = YES;
				"CODE_SIGN_IDENTITY[sdk=iphoneos*]" = "iPhone Developer";
				COPY_PHASE_STRIP = NO;
				DEBUG_INFORMATION_FORMAT = dwarf;
				ENABLE_STRICT_OBJC_MSGSEND = YES;
				ENABLE_TESTABILITY = YES;
				GCC_C_LANGUAGE_STANDARD = gnu99;
				GCC_DYNAMIC_NO_PIC = NO;
				GCC_NO_COMMON_BLOCKS = YES;
				GCC_OPTIMIZATION_LEVEL = 0;
				GCC_PREPROCESSOR_DEFINITIONS = (
					"DEBUG=1",
					"$(inherited)",
				);
				GCC_WARN_64_TO_32_BIT_CONVERSION = YES;
				GCC_WARN_ABOUT_RETURN_TYPE = YES_ERROR;
				GCC_WARN_UNDECLARED_SELECTOR = YES;
				GCC_WARN_UNINITIALIZED_AUTOS = YES_AGGRESSIVE;
				GCC_WARN_UNUSED_FUNCTION = YES;
				GCC_WARN_UNUSED_VARIABLE = YES;
				IPHONEOS_DEPLOYMENT_TARGET = 10.0;
				MTL_ENABLE_DEBUG_INFO = YES;
				ONLY_ACTIVE_ARCH = YES;
				SDKROOT = iphoneos;
				SWIFT_ACTIVE_COMPILATION_CONDITIONS = DEBUG;
				SWIFT_OPTIMIZATION_LEVEL = "-Onone";
			};
			name = Debug;
		};
		AD8C17CF1E2C92EA0045D454 /* Release */ = {
			isa = XCBuildConfiguration;
			buildSettings = {
				ALWAYS_SEARCH_USER_PATHS = NO;
				CLANG_ANALYZER_NONNULL = YES;
				CLANG_CXX_LANGUAGE_STANDARD = "gnu++0x";
				CLANG_CXX_LIBRARY = "libc++";
				CLANG_ENABLE_MODULES = YES;
				CLANG_ENABLE_OBJC_ARC = YES;
				CLANG_WARN_BOOL_CONVERSION = YES;
				CLANG_WARN_CONSTANT_CONVERSION = YES;
				CLANG_WARN_DIRECT_OBJC_ISA_USAGE = YES_ERROR;
				CLANG_WARN_DOCUMENTATION_COMMENTS = YES;
				CLANG_WARN_EMPTY_BODY = YES;
				CLANG_WARN_ENUM_CONVERSION = YES;
				CLANG_WARN_INFINITE_RECURSION = YES;
				CLANG_WARN_INT_CONVERSION = YES;
				CLANG_WARN_OBJC_ROOT_CLASS = YES_ERROR;
				CLANG_WARN_SUSPICIOUS_MOVES = YES;
				CLANG_WARN_UNREACHABLE_CODE = YES;
				CLANG_WARN__DUPLICATE_METHOD_MATCH = YES;
				"CODE_SIGN_IDENTITY[sdk=iphoneos*]" = "iPhone Developer";
				COPY_PHASE_STRIP = NO;
				DEBUG_INFORMATION_FORMAT = "dwarf-with-dsym";
				ENABLE_NS_ASSERTIONS = NO;
				ENABLE_STRICT_OBJC_MSGSEND = YES;
				GCC_C_LANGUAGE_STANDARD = gnu99;
				GCC_NO_COMMON_BLOCKS = YES;
				GCC_WARN_64_TO_32_BIT_CONVERSION = YES;
				GCC_WARN_ABOUT_RETURN_TYPE = YES_ERROR;
				GCC_WARN_UNDECLARED_SELECTOR = YES;
				GCC_WARN_UNINITIALIZED_AUTOS = YES_AGGRESSIVE;
				GCC_WARN_UNUSED_FUNCTION = YES;
				GCC_WARN_UNUSED_VARIABLE = YES;
				IPHONEOS_DEPLOYMENT_TARGET = 10.0;
				MTL_ENABLE_DEBUG_INFO = NO;
				SDKROOT = iphoneos;
				SWIFT_OPTIMIZATION_LEVEL = "-Owholemodule";
				VALIDATE_PRODUCT = YES;
			};
			name = Release;
		};
		AD8C17D11E2C92EA0045D454 /* Debug */ = {
			isa = XCBuildConfiguration;
			buildSettings = {
				ASSETCATALOG_COMPILER_APPICON_NAME = AppIcon;
				INFOPLIST_FILE = CustomCell/Info.plist;
				LD_RUNPATH_SEARCH_PATHS = "$(inherited) @executable_path/Frameworks";
				PRODUCT_BUNDLE_IDENTIFIER = com.chanmee.CustomCell;
				PRODUCT_NAME = "$(TARGET_NAME)";
				SWIFT_VERSION = 3.0;
			};
			name = Debug;
		};
		AD8C17D21E2C92EA0045D454 /* Release */ = {
			isa = XCBuildConfiguration;
			buildSettings = {
				ASSETCATALOG_COMPILER_APPICON_NAME = AppIcon;
				INFOPLIST_FILE = CustomCell/Info.plist;
				LD_RUNPATH_SEARCH_PATHS = "$(inherited) @executable_path/Frameworks";
				PRODUCT_BUNDLE_IDENTIFIER = com.chanmee.CustomCell;
				PRODUCT_NAME = "$(TARGET_NAME)";
				SWIFT_VERSION = 3.0;
			};
			name = Release;
		};
/* End XCBuildConfiguration section */

/* Begin XCConfigurationList section */
		AD8C17B91E2C92E90045D454 /* Build configuration list for PBXProject "CustomCell" */ = {
			isa = XCConfigurationList;
			buildConfigurations = (
				AD8C17CE1E2C92EA0045D454 /* Debug */,
				AD8C17CF1E2C92EA0045D454 /* Release */,
			);
			defaultConfigurationIsVisible = 0;
			defaultConfigurationName = Release;
		};
		AD8C17D01E2C92EA0045D454 /* Build configuration list for PBXNativeTarget "CustomCell" */ = {
			isa = XCConfigurationList;
			buildConfigurations = (
				AD8C17D11E2C92EA0045D454 /* Debug */,
				AD8C17D21E2C92EA0045D454 /* Release */,
			);
			defaultConfigurationIsVisible = 0;
		};
/* End XCConfigurationList section */
	};
	rootObject = AD8C17B61E2C92E90045D454 /* Project object */;
}
