// !$*UTF8*$!
{
	archiveVersion = 1;
	classes = {
	};
	objectVersion = 46;
	objects = {

/* Begin PBXBuildFile section */
		66B79C801D2E98D400684006 /* AppDelegate.swift in Sources */ = {isa = PBXBuildFile; fileRef = 66B79C7F1D2E98D400684006 /* AppDelegate.swift */; };
		66B79C821D2E98D400684006 /* ViewController.swift in Sources */ = {isa = PBXBuildFile; fileRef = 66B79C811D2E98D400684006 /* ViewController.swift */; };
		66B79C851D2E98D400684006 /* Main.storyboard in Resources */ = {isa = PBXBuildFile; fileRef = 66B79C831D2E98D400684006 /* Main.storyboard */; };
		66B79C871D2E98D400684006 /* Assets.xcassets in Resources */ = {isa = PBXBuildFile; fileRef = 66B79C861D2E98D400684006 /* Assets.xcassets */; };
		66B79C8A1D2E98D400684006 /* LaunchScreen.storyboard in Resources */ = {isa = PBXBuildFile; fileRef = 66B79C881D2E98D400684006 /* LaunchScreen.storyboard */; };
		66B79C921D2E98E800684006 /* background.jpeg in Resources */ = {isa = PBXBuildFile; fileRef = 66B79C911D2E98E800684006 /* background.jpeg */; };
		ADA728EB1E24C41B00187A86 /* star.jpg in Resources */ = {isa = PBXBuildFile; fileRef = ADA728EA1E24C41B00187A86 /* star.jpg */; };
/* End PBXBuildFile section */

/* Begin PBXFileReference section */
		66B79C7C1D2E98D400684006 /* FlightBooking.app */ = {isa = PBXFileReference; explicitFileType = wrapper.application; includeInIndex = 0; path = FlightBooking.app; sourceTree = BUILT_PRODUCTS_DIR; };
		66B79C7F1D2E98D400684006 /* AppDelegate.swift */ = {isa = PBXFileReference; lastKnownFileType = sourcecode.swift; path = AppDelegate.swift; sourceTree = "<group>"; };
		66B79C811D2E98D400684006 /* ViewController.swift */ = {isa = PBXFileReference; lastKnownFileType = sourcecode.swift; path = ViewController.swift; sourceTree = "<group>"; };
		66B79C841D2E98D400684006 /* Base */ = {isa = PBXFileReference; lastKnownFileType = file.storyboard; name = Base; path = Base.lproj/Main.storyboard; sourceTree = "<group>"; };
		66B79C861D2E98D400684006 /* Assets.xcassets */ = {isa = PBXFileReference; lastKnownFileType = folder.assetcatalog; path = Assets.xcassets; sourceTree = "<group>"; };
		66B79C891D2E98D400684006 /* Base */ = {isa = PBXFileReference; lastKnownFileType = file.storyboard; name = Base; path = Base.lproj/LaunchScreen.storyboard; sourceTree = "<group>"; };
		66B79C8B1D2E98D400684006 /* Info.plist */ = {isa = PBXFileReference; lastKnownFileType = text.plist.xml; path = Info.plist; sourceTree = "<group>"; };
		66B79C911D2E98E800684006 /* background.jpeg */ = {isa = PBXFileReference; lastKnownFileType = image.jpeg; path = background.jpeg; sourceTree = "<group>"; };
		ADA728EA1E24C41B00187A86 /* star.jpg */ = {isa = PBXFileReference; lastKnownFileType = image.jpeg; path = star.jpg; sourceTree = "<group>"; };
/* End PBXFileReference section */

/* Begin PBXFrameworksBuildPhase section */
		66B79C791D2E98D400684006 /* Frameworks */ = {
			isa = PBXFrameworksBuildPhase;
			buildActionMask = 2147483647;
			files = (
			);
			runOnlyForDeploymentPostprocessing = 0;
		};
/* End PBXFrameworksBuildPhase section */

/* Begin PBXGroup section */
		66B79C731D2E98D400684006 = {
			isa = PBXGroup;
			children = (
				66B79C7E1D2E98D400684006 /* FlightBooking */,
				66B79C7D1D2E98D400684006 /* Products */,
			);
			sourceTree = "<group>";
		};
		66B79C7D1D2E98D400684006 /* Products */ = {
			isa = PBXGroup;
			children = (
				66B79C7C1D2E98D400684006 /* FlightBooking.app */,
			);
			name = Products;
			sourceTree = "<group>";
		};
		66B79C7E1D2E98D400684006 /* FlightBooking */ = {
			isa = PBXGroup;
			children = (
				ADA728EA1E24C41B00187A86 /* star.jpg */,
				66B79C911D2E98E800684006 /* background.jpeg */,
				66B79C7F1D2E98D400684006 /* AppDelegate.swift */,
				66B79C811D2E98D400684006 /* ViewController.swift */,
				66B79C831D2E98D400684006 /* Main.storyboard */,
				66B79C861D2E98D400684006 /* Assets.xcassets */,
				66B79C881D2E98D400684006 /* LaunchScreen.storyboard */,
				66B79C8B1D2E98D400684006 /* Info.plist */,
			);
			path = FlightBooking;
			sourceTree = "<group>";
		};
/* End PBXGroup section */

/* Begin PBXNativeTarget section */
		66B79C7B1D2E98D400684006 /* FlightBooking */ = {
			isa = PBXNativeTarget;
			buildConfigurationList = 66B79C8E1D2E98D400684006 /* Build configuration list for PBXNativeTarget "FlightBooking" */;
			buildPhases = (
				66B79C781D2E98D400684006 /* Sources */,
				66B79C791D2E98D400684006 /* Frameworks */,
				66B79C7A1D2E98D400684006 /* Resources */,
			);
			buildRules = (
			);
			dependencies = (
			);
			name = FlightBooking;
			productName = FlightBooking;
			productReference = 66B79C7C1D2E98D400684006 /* FlightBooking.app */;
			productType = "com.apple.product-type.application";
		};
/* End PBXNativeTarget section */

/* Begin PBXProject section */
		66B79C741D2E98D400684006 /* Project object */ = {
			isa = PBXProject;
			attributes = {
				LastSwiftUpdateCheck = 0800;
				LastUpgradeCheck = 0800;
				ORGANIZATIONNAME = appstamp;
				TargetAttributes = {
					66B79C7B1D2E98D400684006 = {
						CreatedOnToolsVersion = 8.0;
						DevelopmentTeam = 94X9LALCYM;
						DevelopmentTeamName = "JinYoung Choi";
						ProvisioningStyle = Automatic;
					};
				};
			};
			buildConfigurationList = 66B79C771D2E98D400684006 /* Build configuration list for PBXProject "FlightBooking" */;
			compatibilityVersion = "Xcode 3.2";
			developmentRegion = English;
			hasScannedForEncodings = 0;
			knownRegions = (
				en,
				Base,
			);
			mainGroup = 66B79C731D2E98D400684006;
			productRefGroup = 66B79C7D1D2E98D400684006 /* Products */;
			projectDirPath = "";
			projectRoot = "";
			targets = (
				66B79C7B1D2E98D400684006 /* FlightBooking */,
			);
		};
/* End PBXProject section */

/* Begin PBXResourcesBuildPhase section */
		66B79C7A1D2E98D400684006 /* Resources */ = {
			isa = PBXResourcesBuildPhase;
			buildActionMask = 2147483647;
			files = (
				66B79C8A1D2E98D400684006 /* LaunchScreen.storyboard in Resources */,
				ADA728EB1E24C41B00187A86 /* star.jpg in Resources */,
				66B79C871D2E98D400684006 /* Assets.xcassets in Resources */,
				66B79C851D2E98D400684006 /* Main.storyboard in Resources */,
				66B79C921D2E98E800684006 /* background.jpeg in Resources */,
			);
			runOnlyForDeploymentPostprocessing = 0;
		};
/* End PBXResourcesBuildPhase section */

/* Begin PBXSourcesBuildPhase section */
		66B79C781D2E98D400684006 /* Sources */ = {
			isa = PBXSourcesBuildPhase;
			buildActionMask = 2147483647;
			files = (
				66B79C821D2E98D400684006 /* ViewController.swift in Sources */,
				66B79C801D2E98D400684006 /* AppDelegate.swift in Sources */,
			);
			runOnlyForDeploymentPostprocessing = 0;
		};
/* End PBXSourcesBuildPhase section */

/* Begin PBXVariantGroup section */
		66B79C831D2E98D400684006 /* Main.storyboard */ = {
			isa = PBXVariantGroup;
			children = (
				66B79C841D2E98D400684006 /* Base */,
			);
			name = Main.storyboard;
			sourceTree = "<group>";
		};
		66B79C881D2E98D400684006 /* LaunchScreen.storyboard */ = {
			isa = PBXVariantGroup;
			children = (
				66B79C891D2E98D400684006 /* Base */,
			);
			name = LaunchScreen.storyboard;
			sourceTree = "<group>";
		};
/* End PBXVariantGroup section */

/* Begin XCBuildConfiguration section */
		66B79C8C1D2E98D400684006 /* Debug */ = {
			isa = XCBuildConfiguration;
			buildSettings = {
				ALWAYS_SEARCH_USER_PATHS = NO;
				CLANG_ANALYZER_NONNULL = YES;
				CLANG_CXX_LANGUAGE_STANDARD = "gnu++0x";
				CLANG_CXX_LIBRARY = "libc++";
				CLANG_ENABLE_MODULES = YES;
				CLANG_ENABLE_OBJC_ARC = YES;
				CLANG_WARN_BOOL_CONVERSION = YES;
				CLANG_WARN_CONSTANT_CONVERSION = YES;
				CLANG_WARN_DIRECT_OBJC_ISA_USAGE = YES_ERROR;
				CLANG_WARN_DOCUMENTATION_COMMENTS = YES;
				CLANG_WARN_EMPTY_BODY = YES;
				CLANG_WARN_ENUM_CONVERSION = YES;
				CLANG_WARN_INT_CONVERSION = YES;
				CLANG_WARN_OBJC_ROOT_CLASS = YES_ERROR;
				CLANG_WARN_UNREACHABLE_CODE = YES;
				CLANG_WARN__DUPLICATE_METHOD_MATCH = YES;
				"CODE_SIGN_IDENTITY[sdk=iphoneos*]" = "iPhone Developer";
				COPY_PHASE_STRIP = NO;
				DEBUG_INFORMATION_FORMAT = dwarf;
				ENABLE_STRICT_OBJC_MSGSEND = YES;
				ENABLE_TESTABILITY = YES;
				GCC_C_LANGUAGE_STANDARD = gnu99;
				GCC_DYNAMIC_NO_PIC = NO;
				GCC_NO_COMMON_BLOCKS = YES;
				GCC_OPTIMIZATION_LEVEL = 0;
				GCC_PREPROCESSOR_DEFINITIONS = (
					"DEBUG=1",
					"$(inherited)",
				);
				GCC_WARN_64_TO_32_BIT_CONVERSION = YES;
				GCC_WARN_ABOUT_RETURN_TYPE = YES_ERROR;
				GCC_WARN_UNDECLARED_SELECTOR = YES;
				GCC_WARN_UNINITIALIZED_AUTOS = YES_AGGRESSIVE;
				GCC_WARN_UNUSED_FUNCTION = YES;
				GCC_WARN_UNUSED_VARIABLE = YES;
				IPHONEOS_DEPLOYMENT_TARGET = 10.0;
				MTL_ENABLE_DEBUG_INFO = YES;
				ONLY_ACTIVE_ARCH = YES;
				SDKROOT = iphoneos;
				SWIFT_ACTIVE_COMPILATION_CONDITIONS = DEBUG;
				SWIFT_OPTIMIZATION_LEVEL = "-Onone";
			};
			name = Debug;
		};
		66B79C8D1D2E98D400684006 /* Release */ = {
			isa = XCBuildConfiguration;
			buildSettings = {
				ALWAYS_SEARCH_USER_PATHS = NO;
				CLANG_ANALYZER_NONNULL = YES;
				CLANG_CXX_LANGUAGE_STANDARD = "gnu++0x";
				CLANG_CXX_LIBRARY = "libc++";
				CLANG_ENABLE_MODULES = YES;
				CLANG_ENABLE_OBJC_ARC = YES;
				CLANG_WARN_BOOL_CONVERSION = YES;
				CLANG_WARN_CONSTANT_CONVERSION = YES;
				CLANG_WARN_DIRECT_OBJC_ISA_USAGE = YES_ERROR;
				CLANG_WARN_DOCUMENTATION_COMMENTS = YES;
				CLANG_WARN_EMPTY_BODY = YES;
				CLANG_WARN_ENUM_CONVERSION = YES;
				CLANG_WARN_INT_CONVERSION = YES;
				CLANG_WARN_OBJC_ROOT_CLASS = YES_ERROR;
				CLANG_WARN_UNREACHABLE_CODE = YES;
				CLANG_WARN__DUPLICATE_METHOD_MATCH = YES;
				"CODE_SIGN_IDENTITY[sdk=iphoneos*]" = "iPhone Developer";
				COPY_PHASE_STRIP = NO;
				DEBUG_INFORMATION_FORMAT = "dwarf-with-dsym";
				ENABLE_NS_ASSERTIONS = NO;
				ENABLE_STRICT_OBJC_MSGSEND = YES;
				GCC_C_LANGUAGE_STANDARD = gnu99;
				GCC_NO_COMMON_BLOCKS = YES;
				GCC_WARN_64_TO_32_BIT_CONVERSION = YES;
				GCC_WARN_ABOUT_RETURN_TYPE = YES_ERROR;
				GCC_WARN_UNDECLARED_SELECTOR = YES;
				GCC_WARN_UNINITIALIZED_AUTOS = YES_AGGRESSIVE;
				GCC_WARN_UNUSED_FUNCTION = YES;
				GCC_WARN_UNUSED_VARIABLE = YES;
				IPHONEOS_DEPLOYMENT_TARGET = 10.0;
				MTL_ENABLE_DEBUG_INFO = NO;
				SDKROOT = iphoneos;
				SWIFT_OPTIMIZATION_LEVEL = "-Owholemodule";
				VALIDATE_PRODUCT = YES;
			};
			name = Release;
		};
		66B79C8F1D2E98D400684006 /* Debug */ = {
			isa = XCBuildConfiguration;
			buildSettings = {
				ASSETCATALOG_COMPILER_APPICON_NAME = AppIcon;
				INFOPLIST_FILE = FlightBooking/Info.plist;
				LD_RUNPATH_SEARCH_PATHS = "$(inherited) @executable_path/Frameworks";
				PRODUCT_BUNDLE_IDENTIFIER = com.appstamp.FlightBooking;
				PRODUCT_NAME = "$(TARGET_NAME)";
				SWIFT_VERSION = 3.0;
			};
			name = Debug;
		};
		66B79C901D2E98D400684006 /* Release */ = {
			isa = XCBuildConfiguration;
			buildSettings = {
				ASSETCATALOG_COMPILER_APPICON_NAME = AppIcon;
				INFOPLIST_FILE = FlightBooking/Info.plist;
				LD_RUNPATH_SEARCH_PATHS = "$(inherited) @executable_path/Frameworks";
				PRODUCT_BUNDLE_IDENTIFIER = com.appstamp.FlightBooking;
				PRODUCT_NAME = "$(TARGET_NAME)";
				SWIFT_VERSION = 3.0;
			};
			name = Release;
		};
/* End XCBuildConfiguration section */

/* Begin XCConfigurationList section */
		66B79C771D2E98D400684006 /* Build configuration list for PBXProject "FlightBooking" */ = {
			isa = XCConfigurationList;
			buildConfigurations = (
				66B79C8C1D2E98D400684006 /* Debug */,
				66B79C8D1D2E98D400684006 /* Release */,
			);
			defaultConfigurationIsVisible = 0;
			defaultConfigurationName = Release;
		};
		66B79C8E1D2E98D400684006 /* Build configuration list for PBXNativeTarget "FlightBooking" */ = {
			isa = XCConfigurationList;
			buildConfigurations = (
				66B79C8F1D2E98D400684006 /* Debug */,
				66B79C901D2E98D400684006 /* Release */,
			);
			defaultConfigurationIsVisible = 0;
			defaultConfigurationName = Release;
		};
/* End XCConfigurationList section */
	};
	rootObject = 66B79C741D2E98D400684006 /* Project object */;
}
