// !$*UTF8*$!
{
	archiveVersion = 1;
	classes = {
	};
	objectVersion = 46;
	objects = {

/* Begin PBXBuildFile section */
		ADEC9A0B1E1F6CBA001566F7 /* AppDelegate.swift in Sources */ = {isa = PBXBuildFile; fileRef = ADEC9A0A1E1F6CBA001566F7 /* AppDelegate.swift */; };
		ADEC9A0D1E1F6CBA001566F7 /* ViewController.swift in Sources */ = {isa = PBXBuildFile; fileRef = ADEC9A0C1E1F6CBA001566F7 /* ViewController.swift */; };
		ADEC9A101E1F6CBA001566F7 /* Main.storyboard in Resources */ = {isa = PBXBuildFile; fileRef = ADEC9A0E1E1F6CBA001566F7 /* Main.storyboard */; };
		ADEC9A121E1F6CBA001566F7 /* Assets.xcassets in Resources */ = {isa = PBXBuildFile; fileRef = ADEC9A111E1F6CBA001566F7 /* Assets.xcassets */; };
		ADEC9A151E1F6CBA001566F7 /* LaunchScreen.storyboard in Resources */ = {isa = PBXBuildFile; fileRef = ADEC9A131E1F6CBA001566F7 /* LaunchScreen.storyboard */; };
/* End PBXBuildFile section */

/* Begin PBXFileReference section */
		ADEC9A071E1F6CBA001566F7 /* MiniWebBrowser.app */ = {isa = PBXFileReference; explicitFileType = wrapper.application; includeInIndex = 0; path = MiniWebBrowser.app; sourceTree = BUILT_PRODUCTS_DIR; };
		ADEC9A0A1E1F6CBA001566F7 /* AppDelegate.swift */ = {isa = PBXFileReference; lastKnownFileType = sourcecode.swift; path = AppDelegate.swift; sourceTree = "<group>"; };
		ADEC9A0C1E1F6CBA001566F7 /* ViewController.swift */ = {isa = PBXFileReference; lastKnownFileType = sourcecode.swift; path = ViewController.swift; sourceTree = "<group>"; };
		ADEC9A0F1E1F6CBA001566F7 /* Base */ = {isa = PBXFileReference; lastKnownFileType = file.storyboard; name = Base; path = Base.lproj/Main.storyboard; sourceTree = "<group>"; };
		ADEC9A111E1F6CBA001566F7 /* Assets.xcassets */ = {isa = PBXFileReference; lastKnownFileType = folder.assetcatalog; path = Assets.xcassets; sourceTree = "<group>"; };
		ADEC9A141E1F6CBA001566F7 /* Base */ = {isa = PBXFileReference; lastKnownFileType = file.storyboard; name = Base; path = Base.lproj/LaunchScreen.storyboard; sourceTree = "<group>"; };
		ADEC9A161E1F6CBA001566F7 /* Info.plist */ = {isa = PBXFileReference; lastKnownFileType = text.plist.xml; path = Info.plist; sourceTree = "<group>"; };
/* End PBXFileReference section */

/* Begin PBXFrameworksBuildPhase section */
		ADEC9A041E1F6CB9001566F7 /* Frameworks */ = {
			isa = PBXFrameworksBuildPhase;
			buildActionMask = 2147483647;
			files = (
			);
			runOnlyForDeploymentPostprocessing = 0;
		};
/* End PBXFrameworksBuildPhase section */

/* Begin PBXGroup section */
		ADEC99FE1E1F6CB9001566F7 = {
			isa = PBXGroup;
			children = (
				ADEC9A091E1F6CBA001566F7 /* MiniWebBrowser */,
				ADEC9A081E1F6CBA001566F7 /* Products */,
			);
			sourceTree = "<group>";
		};
		ADEC9A081E1F6CBA001566F7 /* Products */ = {
			isa = PBXGroup;
			children = (
				ADEC9A071E1F6CBA001566F7 /* MiniWebBrowser.app */,
			);
			name = Products;
			sourceTree = "<group>";
		};
		ADEC9A091E1F6CBA001566F7 /* MiniWebBrowser */ = {
			isa = PBXGroup;
			children = (
				ADEC9A0A1E1F6CBA001566F7 /* AppDelegate.swift */,
				ADEC9A0C1E1F6CBA001566F7 /* ViewController.swift */,
				ADEC9A0E1E1F6CBA001566F7 /* Main.storyboard */,
				ADEC9A111E1F6CBA001566F7 /* Assets.xcassets */,
				ADEC9A131E1F6CBA001566F7 /* LaunchScreen.storyboard */,
				ADEC9A161E1F6CBA001566F7 /* Info.plist */,
			);
			path = MiniWebBrowser;
			sourceTree = "<group>";
		};
/* End PBXGroup section */

/* Begin PBXNativeTarget section */
		ADEC9A061E1F6CB9001566F7 /* MiniWebBrowser */ = {
			isa = PBXNativeTarget;
			buildConfigurationList = ADEC9A191E1F6CBA001566F7 /* Build configuration list for PBXNativeTarget "MiniWebBrowser" */;
			buildPhases = (
				ADEC9A031E1F6CB9001566F7 /* Sources */,
				ADEC9A041E1F6CB9001566F7 /* Frameworks */,
				ADEC9A051E1F6CB9001566F7 /* Resources */,
			);
			buildRules = (
			);
			dependencies = (
			);
			name = MiniWebBrowser;
			productName = MiniWebBrowser;
			productReference = ADEC9A071E1F6CBA001566F7 /* MiniWebBrowser.app */;
			productType = "com.apple.product-type.application";
		};
/* End PBXNativeTarget section */

/* Begin PBXProject section */
		ADEC99FF1E1F6CB9001566F7 /* Project object */ = {
			isa = PBXProject;
			attributes = {
				LastSwiftUpdateCheck = 0800;
				LastUpgradeCheck = 0800;
				ORGANIZATIONNAME = "윤찬미";
				TargetAttributes = {
					ADEC9A061E1F6CB9001566F7 = {
						CreatedOnToolsVersion = 8.0;
						ProvisioningStyle = Automatic;
					};
				};
			};
			buildConfigurationList = ADEC9A021E1F6CB9001566F7 /* Build configuration list for PBXProject "MiniWebBrowser" */;
			compatibilityVersion = "Xcode 3.2";
			developmentRegion = English;
			hasScannedForEncodings = 0;
			knownRegions = (
				en,
				Base,
			);
			mainGroup = ADEC99FE1E1F6CB9001566F7;
			productRefGroup = ADEC9A081E1F6CBA001566F7 /* Products */;
			projectDirPath = "";
			projectRoot = "";
			targets = (
				ADEC9A061E1F6CB9001566F7 /* MiniWebBrowser */,
			);
		};
/* End PBXProject section */

/* Begin PBXResourcesBuildPhase section */
		ADEC9A051E1F6CB9001566F7 /* Resources */ = {
			isa = PBXResourcesBuildPhase;
			buildActionMask = 2147483647;
			files = (
				ADEC9A151E1F6CBA001566F7 /* LaunchScreen.storyboard in Resources */,
				ADEC9A121E1F6CBA001566F7 /* Assets.xcassets in Resources */,
				ADEC9A101E1F6CBA001566F7 /* Main.storyboard in Resources */,
			);
			runOnlyForDeploymentPostprocessing = 0;
		};
/* End PBXResourcesBuildPhase section */

/* Begin PBXSourcesBuildPhase section */
		ADEC9A031E1F6CB9001566F7 /* Sources */ = {
			isa = PBXSourcesBuildPhase;
			buildActionMask = 2147483647;
			files = (
				ADEC9A0D1E1F6CBA001566F7 /* ViewController.swift in Sources */,
				ADEC9A0B1E1F6CBA001566F7 /* AppDelegate.swift in Sources */,
			);
			runOnlyForDeploymentPostprocessing = 0;
		};
/* End PBXSourcesBuildPhase section */

/* Begin PBXVariantGroup section */
		ADEC9A0E1E1F6CBA001566F7 /* Main.storyboard */ = {
			isa = PBXVariantGroup;
			children = (
				ADEC9A0F1E1F6CBA001566F7 /* Base */,
			);
			name = Main.storyboard;
			sourceTree = "<group>";
		};
		ADEC9A131E1F6CBA001566F7 /* LaunchScreen.storyboard */ = {
			isa = PBXVariantGroup;
			children = (
				ADEC9A141E1F6CBA001566F7 /* Base */,
			);
			name = LaunchScreen.storyboard;
			sourceTree = "<group>";
		};
/* End PBXVariantGroup section */

/* Begin XCBuildConfiguration section */
		ADEC9A171E1F6CBA001566F7 /* Debug */ = {
			isa = XCBuildConfiguration;
			buildSettings = {
				ALWAYS_SEARCH_USER_PATHS = NO;
				CLANG_ANALYZER_NONNULL = YES;
				CLANG_CXX_LANGUAGE_STANDARD = "gnu++0x";
				CLANG_CXX_LIBRARY = "libc++";
				CLANG_ENABLE_MODULES = YES;
				CLANG_ENABLE_OBJC_ARC = YES;
				CLANG_WARN_BOOL_CONVERSION = YES;
				CLANG_WARN_CONSTANT_CONVERSION = YES;
				CLANG_WARN_DIRECT_OBJC_ISA_USAGE = YES_ERROR;
				CLANG_WARN_DOCUMENTATION_COMMENTS = YES;
				CLANG_WARN_EMPTY_BODY = YES;
				CLANG_WARN_ENUM_CONVERSION = YES;
				CLANG_WARN_INFINITE_RECURSION = YES;
				CLANG_WARN_INT_CONVERSION = YES;
				CLANG_WARN_OBJC_ROOT_CLASS = YES_ERROR;
				CLANG_WARN_SUSPICIOUS_MOVES = YES;
				CLANG_WARN_UNREACHABLE_CODE = YES;
				CLANG_WARN__DUPLICATE_METHOD_MATCH = YES;
				"CODE_SIGN_IDENTITY[sdk=iphoneos*]" = "iPhone Developer";
				COPY_PHASE_STRIP = NO;
				DEBUG_INFORMATION_FORMAT = dwarf;
				ENABLE_STRICT_OBJC_MSGSEND = YES;
				ENABLE_TESTABILITY = YES;
				GCC_C_LANGUAGE_STANDARD = gnu99;
				GCC_DYNAMIC_NO_PIC = NO;
				GCC_NO_COMMON_BLOCKS = YES;
				GCC_OPTIMIZATION_LEVEL = 0;
				GCC_PREPROCESSOR_DEFINITIONS = (
					"DEBUG=1",
					"$(inherited)",
				);
				GCC_WARN_64_TO_32_BIT_CONVERSION = YES;
				GCC_WARN_ABOUT_RETURN_TYPE = YES_ERROR;
				GCC_WARN_UNDECLARED_SELECTOR = YES;
				GCC_WARN_UNINITIALIZED_AUTOS = YES_AGGRESSIVE;
				GCC_WARN_UNUSED_FUNCTION = YES;
				GCC_WARN_UNUSED_VARIABLE = YES;
				IPHONEOS_DEPLOYMENT_TARGET = 10.0;
				MTL_ENABLE_DEBUG_INFO = YES;
				ONLY_ACTIVE_ARCH = YES;
				SDKROOT = iphoneos;
				SWIFT_ACTIVE_COMPILATION_CONDITIONS = DEBUG;
				SWIFT_OPTIMIZATION_LEVEL = "-Onone";
			};
			name = Debug;
		};
		ADEC9A181E1F6CBA001566F7 /* Release */ = {
			isa = XCBuildConfiguration;
			buildSettings = {
				ALWAYS_SEARCH_USER_PATHS = NO;
				CLANG_ANALYZER_NONNULL = YES;
				CLANG_CXX_LANGUAGE_STANDARD = "gnu++0x";
				CLANG_CXX_LIBRARY = "libc++";
				CLANG_ENABLE_MODULES = YES;
				CLANG_ENABLE_OBJC_ARC = YES;
				CLANG_WARN_BOOL_CONVERSION = YES;
				CLANG_WARN_CONSTANT_CONVERSION = YES;
				CLANG_WARN_DIRECT_OBJC_ISA_USAGE = YES_ERROR;
				CLANG_WARN_DOCUMENTATION_COMMENTS = YES;
				CLANG_WARN_EMPTY_BODY = YES;
				CLANG_WARN_ENUM_CONVERSION = YES;
				CLANG_WARN_INFINITE_RECURSION = YES;
				CLANG_WARN_INT_CONVERSION = YES;
				CLANG_WARN_OBJC_ROOT_CLASS = YES_ERROR;
				CLANG_WARN_SUSPICIOUS_MOVES = YES;
				CLANG_WARN_UNREACHABLE_CODE = YES;
				CLANG_WARN__DUPLICATE_METHOD_MATCH = YES;
				"CODE_SIGN_IDENTITY[sdk=iphoneos*]" = "iPhone Developer";
				COPY_PHASE_STRIP = NO;
				DEBUG_INFORMATION_FORMAT = "dwarf-with-dsym";
				ENABLE_NS_ASSERTIONS = NO;
				ENABLE_STRICT_OBJC_MSGSEND = YES;
				GCC_C_LANGUAGE_STANDARD = gnu99;
				GCC_NO_COMMON_BLOCKS = YES;
				GCC_WARN_64_TO_32_BIT_CONVERSION = YES;
				GCC_WARN_ABOUT_RETURN_TYPE = YES_ERROR;
				GCC_WARN_UNDECLARED_SELECTOR = YES;
				GCC_WARN_UNINITIALIZED_AUTOS = YES_AGGRESSIVE;
				GCC_WARN_UNUSED_FUNCTION = YES;
				GCC_WARN_UNUSED_VARIABLE = YES;
				IPHONEOS_DEPLOYMENT_TARGET = 10.0;
				MTL_ENABLE_DEBUG_INFO = NO;
				SDKROOT = iphoneos;
				SWIFT_OPTIMIZATION_LEVEL = "-Owholemodule";
				VALIDATE_PRODUCT = YES;
			};
			name = Release;
		};
		ADEC9A1A1E1F6CBA001566F7 /* Debug */ = {
			isa = XCBuildConfiguration;
			buildSettings = {
				ASSETCATALOG_COMPILER_APPICON_NAME = AppIcon;
				INFOPLIST_FILE = MiniWebBrowser/Info.plist;
				LD_RUNPATH_SEARCH_PATHS = "$(inherited) @executable_path/Frameworks";
				PRODUCT_BUNDLE_IDENTIFIER = com.chanmee.MiniWebBrowser;
				PRODUCT_NAME = "$(TARGET_NAME)";
				SWIFT_VERSION = 3.0;
			};
			name = Debug;
		};
		ADEC9A1B1E1F6CBA001566F7 /* Release */ = {
			isa = XCBuildConfiguration;
			buildSettings = {
				ASSETCATALOG_COMPILER_APPICON_NAME = AppIcon;
				INFOPLIST_FILE = MiniWebBrowser/Info.plist;
				LD_RUNPATH_SEARCH_PATHS = "$(inherited) @executable_path/Frameworks";
				PRODUCT_BUNDLE_IDENTIFIER = com.chanmee.MiniWebBrowser;
				PRODUCT_NAME = "$(TARGET_NAME)";
				SWIFT_VERSION = 3.0;
			};
			name = Release;
		};
/* End XCBuildConfiguration section */

/* Begin XCConfigurationList section */
		ADEC9A021E1F6CB9001566F7 /* Build configuration list for PBXProject "MiniWebBrowser" */ = {
			isa = XCConfigurationList;
			buildConfigurations = (
				ADEC9A171E1F6CBA001566F7 /* Debug */,
				ADEC9A181E1F6CBA001566F7 /* Release */,
			);
			defaultConfigurationIsVisible = 0;
			defaultConfigurationName = Release;
		};
		ADEC9A191E1F6CBA001566F7 /* Build configuration list for PBXNativeTarget "MiniWebBrowser" */ = {
			isa = XCConfigurationList;
			buildConfigurations = (
				ADEC9A1A1E1F6CBA001566F7 /* Debug */,
				ADEC9A1B1E1F6CBA001566F7 /* Release */,
			);
			defaultConfigurationIsVisible = 0;
		};
/* End XCConfigurationList section */
	};
	rootObject = ADEC99FF1E1F6CB9001566F7 /* Project object */;
}
